
Microsoft Visual Studio Solution File, Format Version 12.00
# Visual Studio Express 2012 for Windows Desktop
Project("{8BC9CEB8-8B4A-11D0-8D11-00A0C91BC942}") = "libpng", "libpng\projects\visualc71\libpng.vcxproj", "{17FC2305-D6AE-4BDE-9B4E-81E08E214B30}"
EndProject
Project("{8BC9CEB8-8B4A-11D0-8D11-00A0C91BC942}") = "zlib", "zlib\projects\visualc6\zlib.vcxproj", "{9B4EFB47-EDA2-42C6-A932-C87914B4BFFF}"
EndProject
Project("{8BC9CEB8-8B4A-11D0-8D11-00A0C91BC942}") = "PCXtoPNG", "PCXtoPNG\PCXtoPNG.vcxproj", "{924B25A6-7854-4B78-8BF4-E212E21055DC}"
EndProject
Global
	GlobalSection(SolutionConfigurationPlatforms) = preSolution
		Debug|Win32 = Debug|Win32
		DLL ASM Debug|Win32 = DLL ASM Debug|Win32
		DLL ASM Release|Win32 = DLL ASM Release|Win32
		DLL Debug|Win32 = DLL Debug|Win32
		DLL Release|Win32 = DLL Release|Win32
		DLL VB|Win32 = DLL VB|Win32
		LIB ASM Debug|Win32 = LIB ASM Debug|Win32
		LIB ASM Release|Win32 = LIB ASM Release|Win32
		LIB Debug|Win32 = LIB Debug|Win32
		LIB Release|Win32 = LIB Release|Win32
		Release|Win32 = Release|Win32
	EndGlobalSection
	GlobalSection(ProjectConfigurationPlatforms) = postSolution
		{17FC2305-D6AE-4BDE-9B4E-81E08E214B30}.Debug|Win32.ActiveCfg = LIB Release|Win32
		{17FC2305-D6AE-4BDE-9B4E-81E08E214B30}.Debug|Win32.Build.0 = LIB Release|Win32
		{17FC2305-D6AE-4BDE-9B4E-81E08E214B30}.DLL ASM Debug|Win32.ActiveCfg = DLL VB|Win32
		{17FC2305-D6AE-4BDE-9B4E-81E08E214B30}.DLL ASM Debug|Win32.Build.0 = DLL VB|Win32
		{17FC2305-D6AE-4BDE-9B4E-81E08E214B30}.DLL ASM Release|Win32.ActiveCfg = DLL VB|Win32
		{17FC2305-D6AE-4BDE-9B4E-81E08E214B30}.DLL ASM Release|Win32.Build.0 = DLL VB|Win32
		{17FC2305-D6AE-4BDE-9B4E-81E08E214B30}.DLL Debug|Win32.ActiveCfg = DLL Debug|Win32
		{17FC2305-D6AE-4BDE-9B4E-81E08E214B30}.DLL Debug|Win32.Build.0 = DLL Debug|Win32
		{17FC2305-D6AE-4BDE-9B4E-81E08E214B30}.DLL Release|Win32.ActiveCfg = DLL Release|Win32
		{17FC2305-D6AE-4BDE-9B4E-81E08E214B30}.DLL Release|Win32.Build.0 = DLL Release|Win32
		{17FC2305-D6AE-4BDE-9B4E-81E08E214B30}.DLL VB|Win32.ActiveCfg = DLL VB|Win32
		{17FC2305-D6AE-4BDE-9B4E-81E08E214B30}.DLL VB|Win32.Build.0 = DLL VB|Win32
		{17FC2305-D6AE-4BDE-9B4E-81E08E214B30}.LIB ASM Debug|Win32.ActiveCfg = LIB Debug|Win32
		{17FC2305-D6AE-4BDE-9B4E-81E08E214B30}.LIB ASM Debug|Win32.Build.0 = LIB Debug|Win32
		{17FC2305-D6AE-4BDE-9B4E-81E08E214B30}.LIB ASM Release|Win32.ActiveCfg = LIB Debug|Win32
		{17FC2305-D6AE-4BDE-9B4E-81E08E214B30}.LIB ASM Release|Win32.Build.0 = LIB Debug|Win32
		{17FC2305-D6AE-4BDE-9B4E-81E08E214B30}.LIB Debug|Win32.ActiveCfg = LIB Debug|Win32
		{17FC2305-D6AE-4BDE-9B4E-81E08E214B30}.LIB Debug|Win32.Build.0 = LIB Debug|Win32
		{17FC2305-D6AE-4BDE-9B4E-81E08E214B30}.LIB Release|Win32.ActiveCfg = LIB Release|Win32
		{17FC2305-D6AE-4BDE-9B4E-81E08E214B30}.LIB Release|Win32.Build.0 = LIB Release|Win32
		{17FC2305-D6AE-4BDE-9B4E-81E08E214B30}.Release|Win32.ActiveCfg = LIB Release|Win32
		{17FC2305-D6AE-4BDE-9B4E-81E08E214B30}.Release|Win32.Build.0 = LIB Release|Win32
		{9B4EFB47-EDA2-42C6-A932-C87914B4BFFF}.Debug|Win32.ActiveCfg = LIB Release|Win32
		{9B4EFB47-EDA2-42C6-A932-C87914B4BFFF}.Debug|Win32.Build.0 = LIB Release|Win32
		{9B4EFB47-EDA2-42C6-A932-C87914B4BFFF}.DLL ASM Debug|Win32.ActiveCfg = DLL ASM Debug|Win32
		{9B4EFB47-EDA2-42C6-A932-C87914B4BFFF}.DLL ASM Debug|Win32.Build.0 = DLL ASM Debug|Win32
		{9B4EFB47-EDA2-42C6-A932-C87914B4BFFF}.DLL ASM Release|Win32.ActiveCfg = DLL ASM Release|Win32
		{9B4EFB47-EDA2-42C6-A932-C87914B4BFFF}.DLL ASM Release|Win32.Build.0 = DLL ASM Release|Win32
		{9B4EFB47-EDA2-42C6-A932-C87914B4BFFF}.DLL Debug|Win32.ActiveCfg = DLL Debug|Win32
		{9B4EFB47-EDA2-42C6-A932-C87914B4BFFF}.DLL Debug|Win32.Build.0 = DLL Debug|Win32
		{9B4EFB47-EDA2-42C6-A932-C87914B4BFFF}.DLL Release|Win32.ActiveCfg = DLL Release|Win32
		{9B4EFB47-EDA2-42C6-A932-C87914B4BFFF}.DLL Release|Win32.Build.0 = DLL Release|Win32
		{9B4EFB47-EDA2-42C6-A932-C87914B4BFFF}.DLL VB|Win32.ActiveCfg = DLL Debug|Win32
		{9B4EFB47-EDA2-42C6-A932-C87914B4BFFF}.DLL VB|Win32.Build.0 = DLL Debug|Win32
		{9B4EFB47-EDA2-42C6-A932-C87914B4BFFF}.LIB ASM Debug|Win32.ActiveCfg = LIB ASM Debug|Win32
		{9B4EFB47-EDA2-42C6-A932-C87914B4BFFF}.LIB ASM Debug|Win32.Build.0 = LIB ASM Debug|Win32
		{9B4EFB47-EDA2-42C6-A932-C87914B4BFFF}.LIB ASM Release|Win32.ActiveCfg = LIB ASM Release|Win32
		{9B4EFB47-EDA2-42C6-A932-C87914B4BFFF}.LIB ASM Release|Win32.Build.0 = LIB ASM Release|Win32
		{9B4EFB47-EDA2-42C6-A932-C87914B4BFFF}.LIB Debug|Win32.ActiveCfg = LIB Debug|Win32
		{9B4EFB47-EDA2-42C6-A932-C87914B4BFFF}.LIB Debug|Win32.Build.0 = LIB Debug|Win32
		{9B4EFB47-EDA2-42C6-A932-C87914B4BFFF}.LIB Release|Win32.ActiveCfg = LIB Release|Win32
		{9B4EFB47-EDA2-42C6-A932-C87914B4BFFF}.LIB Release|Win32.Build.0 = LIB Release|Win32
		{9B4EFB47-EDA2-42C6-A932-C87914B4BFFF}.Release|Win32.ActiveCfg = LIB ASM Release|Win32
		{9B4EFB47-EDA2-42C6-A932-C87914B4BFFF}.Release|Win32.Build.0 = LIB ASM Release|Win32
		{924B25A6-7854-4B78-8BF4-E212E21055DC}.Debug|Win32.ActiveCfg = Release|Win32
		{924B25A6-7854-4B78-8BF4-E212E21055DC}.Debug|Win32.Build.0 = Release|Win32
		{924B25A6-7854-4B78-8BF4-E212E21055DC}.DLL ASM Debug|Win32.ActiveCfg = Debug|Win32
		{924B25A6-7854-4B78-8BF4-E212E21055DC}.DLL ASM Debug|Win32.Build.0 = Debug|Win32
		{924B25A6-7854-4B78-8BF4-E212E21055DC}.DLL ASM Release|Win32.ActiveCfg = Release|Win32
		{924B25A6-7854-4B78-8BF4-E212E21055DC}.DLL ASM Release|Win32.Build.0 = Release|Win32
		{924B25A6-7854-4B78-8BF4-E212E21055DC}.DLL Debug|Win32.ActiveCfg = Debug|Win32
		{924B25A6-7854-4B78-8BF4-E212E21055DC}.DLL Debug|Win32.Build.0 = Debug|Win32
		{924B25A6-7854-4B78-8BF4-E212E21055DC}.DLL Release|Win32.ActiveCfg = Release|Win32
		{924B25A6-7854-4B78-8BF4-E212E21055DC}.DLL Release|Win32.Build.0 = Release|Win32
		{924B25A6-7854-4B78-8BF4-E212E21055DC}.DLL VB|Win32.ActiveCfg = Debug|Win32
		{924B25A6-7854-4B78-8BF4-E212E21055DC}.DLL VB|Win32.Build.0 = Debug|Win32
		{924B25A6-7854-4B78-8BF4-E212E21055DC}.LIB ASM Debug|Win32.ActiveCfg = Debug|Win32
		{924B25A6-7854-4B78-8BF4-E212E21055DC}.LIB ASM Debug|Win32.Build.0 = Debug|Win32
		{924B25A6-7854-4B78-8BF4-E212E21055DC}.LIB ASM Release|Win32.ActiveCfg = Release|Win32
		{924B25A6-7854-4B78-8BF4-E212E21055DC}.LIB ASM Release|Win32.Build.0 = Release|Win32
		{924B25A6-7854-4B78-8BF4-E212E21055DC}.LIB Debug|Win32.ActiveCfg = Debug|Win32
		{924B25A6-7854-4B78-8BF4-E212E21055DC}.LIB Debug|Win32.Build.0 = Debug|Win32
		{924B25A6-7854-4B78-8BF4-E212E21055DC}.LIB Release|Win32.ActiveCfg = Release|Win32
		{924B25A6-7854-4B78-8BF4-E212E21055DC}.LIB Release|Win32.Build.0 = Release|Win32
		{924B25A6-7854-4B78-8BF4-E212E21055DC}.Release|Win32.ActiveCfg = Release|Win32
		{924B25A6-7854-4B78-8BF4-E212E21055DC}.Release|Win32.Build.0 = Release|Win32
	EndGlobalSection
	GlobalSection(SolutionProperties) = preSolution
		HideSolutionNode = FALSE
	EndGlobalSection
EndGlobal
